
Microsoft Visual Studio Solution File, Format Version 12.00
# Visual Studio 2013
VisualStudioVersion = 12.0.30723.0
MinimumVisualStudioVersion = 10.0.40219.1
Project("{FAE04EC0-301F-11D3-BF4B-00C04F79EFBC}") = "Dimeng.LinkToMicrocad", "Dimeng.LinkToMicrocad\Dimeng.LinkToMicrocad.csproj", "{971BF3B9-1FA5-4D52-861C-D3D7E4193E72}"
EndProject
Project("{2150E333-8FDC-42A3-9474-1A3956D46DE8}") = "0 - Main Program", "0 - Main Program", "{FF47BD61-B572-4287-B090-A2DF51E41D83}"
EndProject
Project("{2150E333-8FDC-42A3-9474-1A3956D46DE8}") = "1 - Catalog Maintain", "1 - Catalog Maintain", "{E0DD4FC4-01A4-4866-A767-03D40D578B39}"
EndProject
Project("{2150E333-8FDC-42A3-9474-1A3956D46DE8}") = "2 - Installation", "2 - Installation", "{747CD08B-D539-41A0-96C0-11A3BEC44B3A}"
EndProject
Project("{FAE04EC0-301F-11D3-BF4B-00C04F79EFBC}") = "Dimeng.LinkToMicrocad.Web", "Dimeng.LinkToMicrocad.Web\Dimeng.LinkToMicrocad.Web.csproj", "{A9370CFF-9136-4F01-B20C-405B223F5D5C}"
EndProject
Project("{FAE04EC0-301F-11D3-BF4B-00C04F79EFBC}") = "Dimeng.LinkToMicrocad.Web.Domain", "Dimeng.LinkToMicrocad.Web.Domain\Dimeng.LinkToMicrocad.Web.Domain.csproj", "{B61DA03E-FC7B-4EF6-A3F0-05E418892B46}"
EndProject
Project("{FAE04EC0-301F-11D3-BF4B-00C04F79EFBC}") = "Dimeng.LinkToMicrocad.Web.Business", "Dimeng.LinkToMicrocad.Web.Business\Dimeng.LinkToMicrocad.Web.Business.csproj", "{C239A562-57AA-4E9F-BB12-95DC5CF9950D}"
EndProject
Project("{2150E333-8FDC-42A3-9474-1A3956D46DE8}") = "3 - Update client", "3 - Update client", "{5E2948CA-8DD6-41AA-B8C2-7238E2743803}"
EndProject
Project("{FAE04EC0-301F-11D3-BF4B-00C04F79EFBC}") = "Updater", "Updater\Updater.csproj", "{50936494-5A9B-4559-A54F-BBDEE8DBB3D4}"
EndProject
Project("{FAE04EC0-301F-11D3-BF4B-00C04F79EFBC}") = "QuoteExport", "QuoteExport\QuoteExport.csproj", "{3F724D16-B066-4E93-AAA8-A22455982ECE}"
EndProject
Global
	GlobalSection(SolutionConfigurationPlatforms) = preSolution
		Debug|Any CPU = Debug|Any CPU
		Release|Any CPU = Release|Any CPU
	EndGlobalSection
	GlobalSection(ProjectConfigurationPlatforms) = postSolution
		{971BF3B9-1FA5-4D52-861C-D3D7E4193E72}.Debug|Any CPU.ActiveCfg = Debug|Any CPU
		{971BF3B9-1FA5-4D52-861C-D3D7E4193E72}.Debug|Any CPU.Build.0 = Debug|Any CPU
		{971BF3B9-1FA5-4D52-861C-D3D7E4193E72}.Release|Any CPU.ActiveCfg = Release|Any CPU
		{971BF3B9-1FA5-4D52-861C-D3D7E4193E72}.Release|Any CPU.Build.0 = Release|Any CPU
		{A9370CFF-9136-4F01-B20C-405B223F5D5C}.Debug|Any CPU.ActiveCfg = Debug|Any CPU
		{A9370CFF-9136-4F01-B20C-405B223F5D5C}.Debug|Any CPU.Build.0 = Debug|Any CPU
		{A9370CFF-9136-4F01-B20C-405B223F5D5C}.Release|Any CPU.ActiveCfg = Release|Any CPU
		{A9370CFF-9136-4F01-B20C-405B223F5D5C}.Release|Any CPU.Build.0 = Release|Any CPU
		{B61DA03E-FC7B-4EF6-A3F0-05E418892B46}.Debug|Any CPU.ActiveCfg = Debug|Any CPU
		{B61DA03E-FC7B-4EF6-A3F0-05E418892B46}.Debug|Any CPU.Build.0 = Debug|Any CPU
		{B61DA03E-FC7B-4EF6-A3F0-05E418892B46}.Release|Any CPU.ActiveCfg = Release|Any CPU
		{B61DA03E-FC7B-4EF6-A3F0-05E418892B46}.Release|Any CPU.Build.0 = Release|Any CPU
		{C239A562-57AA-4E9F-BB12-95DC5CF9950D}.Debug|Any CPU.ActiveCfg = Debug|Any CPU
		{C239A562-57AA-4E9F-BB12-95DC5CF9950D}.Debug|Any CPU.Build.0 = Debug|Any CPU
		{C239A562-57AA-4E9F-BB12-95DC5CF9950D}.Release|Any CPU.ActiveCfg = Release|Any CPU
		{C239A562-57AA-4E9F-BB12-95DC5CF9950D}.Release|Any CPU.Build.0 = Release|Any CPU
		{50936494-5A9B-4559-A54F-BBDEE8DBB3D4}.Debug|Any CPU.ActiveCfg = Debug|Any CPU
		{50936494-5A9B-4559-A54F-BBDEE8DBB3D4}.Debug|Any CPU.Build.0 = Debug|Any CPU
		{50936494-5A9B-4559-A54F-BBDEE8DBB3D4}.Release|Any CPU.ActiveCfg = Release|Any CPU
		{50936494-5A9B-4559-A54F-BBDEE8DBB3D4}.Release|Any CPU.Build.0 = Release|Any CPU
		{3F724D16-B066-4E93-AAA8-A22455982ECE}.Debug|Any CPU.ActiveCfg = Debug|Any CPU
		{3F724D16-B066-4E93-AAA8-A22455982ECE}.Debug|Any CPU.Build.0 = Debug|Any CPU
		{3F724D16-B066-4E93-AAA8-A22455982ECE}.Release|Any CPU.ActiveCfg = Release|Any CPU
		{3F724D16-B066-4E93-AAA8-A22455982ECE}.Release|Any CPU.Build.0 = Release|Any CPU
	EndGlobalSection
	GlobalSection(SolutionProperties) = preSolution
		HideSolutionNode = FALSE
	EndGlobalSection
	GlobalSection(NestedProjects) = preSolution
		{971BF3B9-1FA5-4D52-861C-D3D7E4193E72} = {FF47BD61-B572-4287-B090-A2DF51E41D83}
		{A9370CFF-9136-4F01-B20C-405B223F5D5C} = {E0DD4FC4-01A4-4866-A767-03D40D578B39}
		{B61DA03E-FC7B-4EF6-A3F0-05E418892B46} = {E0DD4FC4-01A4-4866-A767-03D40D578B39}
		{C239A562-57AA-4E9F-BB12-95DC5CF9950D} = {E0DD4FC4-01A4-4866-A767-03D40D578B39}
		{50936494-5A9B-4559-A54F-BBDEE8DBB3D4} = {5E2948CA-8DD6-41AA-B8C2-7238E2743803}
		{3F724D16-B066-4E93-AAA8-A22455982ECE} = {FF47BD61-B572-4287-B090-A2DF51E41D83}
	EndGlobalSection
EndGlobal
